// !$*UTF8*$!
{
	archiveVersion = 1;
	classes = {
	};
	objectVersion = 56;
	objects = {

/* Begin PBXBuildFile section */
		7B4ADA5C2AA98EFB0042E1DF /* SoupDetailView.swift in Sources */ = {isa = PBXBuildFile; fileRef = 7B4ADA5B2AA98EFB0042E1DF /* SoupDetailView.swift */; };
		7B5F32A02AA844A700ACB596 /* SofraSwfitUIApp.swift in Sources */ = {isa = PBXBuildFile; fileRef = 7B5F329F2AA844A700ACB596 /* SofraSwfitUIApp.swift */; };
		7B5F32A22AA844A700ACB596 /* ContentView.swift in Sources */ = {isa = PBXBuildFile; fileRef = 7B5F32A12AA844A700ACB596 /* ContentView.swift */; };
		7B5F32A42AA844A700ACB596 /* Assets.xcassets in Resources */ = {isa = PBXBuildFile; fileRef = 7B5F32A32AA844A700ACB596 /* Assets.xcassets */; };
		7B5F32A72AA844A700ACB596 /* Preview Assets.xcassets in Resources */ = {isa = PBXBuildFile; fileRef = 7B5F32A62AA844A700ACB596 /* Preview Assets.xcassets */; };
		7B5F32AE2AA848AD00ACB596 /* PlayfairDisplay-Bold.ttf in Resources */ = {isa = PBXBuildFile; fileRef = 7B5F32AD2AA848AD00ACB596 /* PlayfairDisplay-Bold.ttf */; };
		7B5F32B02AA848CB00ACB596 /* PlayfairDisplay-Regular.ttf in Resources */ = {isa = PBXBuildFile; fileRef = 7B5F32AF2AA848CA00ACB596 /* PlayfairDisplay-Regular.ttf */; };
		7B5F32B22AA85D0E00ACB596 /* PlayfairDisplay-Italic-VariableFont_wght.ttf in Resources */ = {isa = PBXBuildFile; fileRef = 7B5F32B12AA85D0E00ACB596 /* PlayfairDisplay-Italic-VariableFont_wght.ttf */; };
		7B5F32B42AA85D1900ACB596 /* PlayfairDisplay-VariableFont_wght.ttf in Resources */ = {isa = PBXBuildFile; fileRef = 7B5F32B32AA85D1900ACB596 /* PlayfairDisplay-VariableFont_wght.ttf */; };
		7B5F32BA2AA8A3AC00ACB596 /* SoupListView.swift in Sources */ = {isa = PBXBuildFile; fileRef = 7B5F32B92AA8A3AC00ACB596 /* SoupListView.swift */; };
		7B5F32BD2AA8CE2B00ACB596 /* SoupDetailModel.swift in Sources */ = {isa = PBXBuildFile; fileRef = 7B5F32BC2AA8CE2B00ACB596 /* SoupDetailModel.swift */; };
		7B9C45FD2AAC466300BB712D /* KebapDetailModel.swift in Sources */ = {isa = PBXBuildFile; fileRef = 7B9C45FC2AAC466300BB712D /* KebapDetailModel.swift */; };
		7B9C45FF2AAC52F900BB712D /* KebapListView.swift in Sources */ = {isa = PBXBuildFile; fileRef = 7B9C45FE2AAC52F900BB712D /* KebapListView.swift */; };
		7B9C46012AAC601100BB712D /* KebapDetailView.swift in Sources */ = {isa = PBXBuildFile; fileRef = 7B9C46002AAC601100BB712D /* KebapDetailView.swift */; };
		7BFE883A2AACACC300D22AAB /* User.swift in Sources */ = {isa = PBXBuildFile; fileRef = 7BFE88392AACACC300D22AAB /* User.swift */; };
/* End PBXBuildFile section */

/* Begin PBXFileReference section */
		7B4ADA5B2AA98EFB0042E1DF /* SoupDetailView.swift */ = {isa = PBXFileReference; lastKnownFileType = sourcecode.swift; path = SoupDetailView.swift; sourceTree = "<group>"; };
		7B5F329C2AA844A700ACB596 /* SofraSwfitUI.app */ = {isa = PBXFileReference; explicitFileType = wrapper.application; includeInIndex = 0; path = SofraSwfitUI.app; sourceTree = BUILT_PRODUCTS_DIR; };
		7B5F329F2AA844A700ACB596 /* SofraSwfitUIApp.swift */ = {isa = PBXFileReference; lastKnownFileType = sourcecode.swift; path = SofraSwfitUIApp.swift; sourceTree = "<group>"; };
		7B5F32A12AA844A700ACB596 /* ContentView.swift */ = {isa = PBXFileReference; lastKnownFileType = sourcecode.swift; path = ContentView.swift; sourceTree = "<group>"; };
		7B5F32A32AA844A700ACB596 /* Assets.xcassets */ = {isa = PBXFileReference; lastKnownFileType = folder.assetcatalog; path = Assets.xcassets; sourceTree = "<group>"; };
		7B5F32A62AA844A700ACB596 /* Preview Assets.xcassets */ = {isa = PBXFileReference; lastKnownFileType = folder.assetcatalog; path = "Preview Assets.xcassets"; sourceTree = "<group>"; };
		7B5F32AD2AA848AD00ACB596 /* PlayfairDisplay-Bold.ttf */ = {isa = PBXFileReference; lastKnownFileType = file; path = "PlayfairDisplay-Bold.ttf"; sourceTree = "<group>"; };
		7B5F32AF2AA848CA00ACB596 /* PlayfairDisplay-Regular.ttf */ = {isa = PBXFileReference; lastKnownFileType = file; path = "PlayfairDisplay-Regular.ttf"; sourceTree = "<group>"; };
		7B5F32B12AA85D0E00ACB596 /* PlayfairDisplay-Italic-VariableFont_wght.ttf */ = {isa = PBXFileReference; lastKnownFileType = file; path = "PlayfairDisplay-Italic-VariableFont_wght.ttf"; sourceTree = "<group>"; };
		7B5F32B32AA85D1900ACB596 /* PlayfairDisplay-VariableFont_wght.ttf */ = {isa = PBXFileReference; lastKnownFileType = file; path = "PlayfairDisplay-VariableFont_wght.ttf"; sourceTree = "<group>"; };
		7B5F32B92AA8A3AC00ACB596 /* SoupListView.swift */ = {isa = PBXFileReference; lastKnownFileType = sourcecode.swift; path = SoupListView.swift; sourceTree = "<group>"; };
		7B5F32BC2AA8CE2B00ACB596 /* SoupDetailModel.swift */ = {isa = PBXFileReference; lastKnownFileType = sourcecode.swift; path = SoupDetailModel.swift; sourceTree = "<group>"; };
		7B9C45FC2AAC466300BB712D /* KebapDetailModel.swift */ = {isa = PBXFileReference; lastKnownFileType = sourcecode.swift; path = KebapDetailModel.swift; sourceTree = "<group>"; };
		7B9C45FE2AAC52F900BB712D /* KebapListView.swift */ = {isa = PBXFileReference; lastKnownFileType = sourcecode.swift; path = KebapListView.swift; sourceTree = "<group>"; };
		7B9C46002AAC601100BB712D /* KebapDetailView.swift */ = {isa = PBXFileReference; lastKnownFileType = sourcecode.swift; path = KebapDetailView.swift; sourceTree = "<group>"; };
		7BFE88392AACACC300D22AAB /* User.swift */ = {isa = PBXFileReference; lastKnownFileType = sourcecode.swift; path = User.swift; sourceTree = "<group>"; };
/* End PBXFileReference section */

/* Begin PBXFrameworksBuildPhase section */
		7B5F32992AA844A700ACB596 /* Frameworks */ = {
			isa = PBXFrameworksBuildPhase;
			buildActionMask = 2147483647;
			files = (
			);
			runOnlyForDeploymentPostprocessing = 0;
		};
/* End PBXFrameworksBuildPhase section */

/* Begin PBXGroup section */
		7B4ADA5A2AA98E5D0042E1DF /* DetailsView */ = {
			isa = PBXGroup;
			children = (
				7B4ADA5B2AA98EFB0042E1DF /* SoupDetailView.swift */,
				7B9C46002AAC601100BB712D /* KebapDetailView.swift */,
			);
			path = DetailsView;
			sourceTree = "<group>";
		};
		7B5F32932AA844A600ACB596 = {
			isa = PBXGroup;
			children = (
				7B5F329E2AA844A700ACB596 /* SofraSwfitUI */,
				7B5F329D2AA844A700ACB596 /* Products */,
			);
			sourceTree = "<group>";
		};
		7B5F329D2AA844A700ACB596 /* Products */ = {
			isa = PBXGroup;
			children = (
				7B5F329C2AA844A700ACB596 /* SofraSwfitUI.app */,
			);
			name = Products;
			sourceTree = "<group>";
		};
		7B5F329E2AA844A700ACB596 /* SofraSwfitUI */ = {
			isa = PBXGroup;
			children = (
				7BFE88372AACAC8900D22AAB /* NavigationBarViews */,
				7B4ADA5A2AA98E5D0042E1DF /* DetailsView */,
				7B5F32BB2AA8CDD300ACB596 /* Model */,
				7B5F32B62AA88A1700ACB596 /* ScrollDetailsView */,
				7B5F32AD2AA848AD00ACB596 /* PlayfairDisplay-Bold.ttf */,
				7B5F32AF2AA848CA00ACB596 /* PlayfairDisplay-Regular.ttf */,
				7B5F329F2AA844A700ACB596 /* SofraSwfitUIApp.swift */,
				7B5F32A12AA844A700ACB596 /* ContentView.swift */,
				7B5F32B32AA85D1900ACB596 /* PlayfairDisplay-VariableFont_wght.ttf */,
				7B5F32B12AA85D0E00ACB596 /* PlayfairDisplay-Italic-VariableFont_wght.ttf */,
				7B5F32A32AA844A700ACB596 /* Assets.xcassets */,
				7B5F32A52AA844A700ACB596 /* Preview Content */,
			);
			path = SofraSwfitUI;
			sourceTree = "<group>";
		};
		7B5F32A52AA844A700ACB596 /* Preview Content */ = {
			isa = PBXGroup;
			children = (
				7B5F32A62AA844A700ACB596 /* Preview Assets.xcassets */,
			);
			path = "Preview Content";
			sourceTree = "<group>";
		};
		7B5F32B62AA88A1700ACB596 /* ScrollDetailsView */ = {
			isa = PBXGroup;
			children = (
				7B5F32B92AA8A3AC00ACB596 /* SoupListView.swift */,
				7B9C45FE2AAC52F900BB712D /* KebapListView.swift */,
			);
			path = ScrollDetailsView;
			sourceTree = "<group>";
		};
		7B5F32BB2AA8CDD300ACB596 /* Model */ = {
			isa = PBXGroup;
			children = (
				7B5F32BC2AA8CE2B00ACB596 /* SoupDetailModel.swift */,
				7B9C45FC2AAC466300BB712D /* KebapDetailModel.swift */,
			);
			path = Model;
			sourceTree = "<group>";
		};
		7BFE88372AACAC8900D22AAB /* NavigationBarViews */ = {
			isa = PBXGroup;
			children = (
				7BFE88392AACACC300D22AAB /* User.swift */,
			);
			path = NavigationBarViews;
			sourceTree = "<group>";
		};
/* End PBXGroup section */

/* Begin PBXNativeTarget section */
		7B5F329B2AA844A700ACB596 /* SofraSwfitUI */ = {
			isa = PBXNativeTarget;
			buildConfigurationList = 7B5F32AA2AA844A700ACB596 /* Build configuration list for PBXNativeTarget "SofraSwfitUI" */;
			buildPhases = (
				7B5F32982AA844A700ACB596 /* Sources */,
				7B5F32992AA844A700ACB596 /* Frameworks */,
				7B5F329A2AA844A700ACB596 /* Resources */,
			);
			buildRules = (
			);
			dependencies = (
			);
			name = SofraSwfitUI;
			productName = SofraSwfitUI;
			productReference = 7B5F329C2AA844A700ACB596 /* SofraSwfitUI.app */;
			productType = "com.apple.product-type.application";
		};
/* End PBXNativeTarget section */

/* Begin PBXProject section */
		7B5F32942AA844A600ACB596 /* Project object */ = {
			isa = PBXProject;
			attributes = {
				BuildIndependentTargetsInParallel = 1;
				LastSwiftUpdateCheck = 1430;
				LastUpgradeCheck = 1430;
				TargetAttributes = {
					7B5F329B2AA844A700ACB596 = {
						CreatedOnToolsVersion = 14.3.1;
					};
				};
			};
			buildConfigurationList = 7B5F32972AA844A600ACB596 /* Build configuration list for PBXProject "SofraSwfitUI" */;
			compatibilityVersion = "Xcode 14.0";
			developmentRegion = en;
			hasScannedForEncodings = 0;
			knownRegions = (
				en,
				Base,
			);
			mainGroup = 7B5F32932AA844A600ACB596;
			productRefGroup = 7B5F329D2AA844A700ACB596 /* Products */;
			projectDirPath = "";
			projectRoot = "";
			targets = (
				7B5F329B2AA844A700ACB596 /* SofraSwfitUI */,
			);
		};
/* End PBXProject section */

/* Begin PBXResourcesBuildPhase section */
		7B5F329A2AA844A700ACB596 /* Resources */ = {
			isa = PBXResourcesBuildPhase;
			buildActionMask = 2147483647;
			files = (
				7B5F32B02AA848CB00ACB596 /* PlayfairDisplay-Regular.ttf in Resources */,
				7B5F32B22AA85D0E00ACB596 /* PlayfairDisplay-Italic-VariableFont_wght.ttf in Resources */,
				7B5F32AE2AA848AD00ACB596 /* PlayfairDisplay-Bold.ttf in Resources */,
				7B5F32A72AA844A700ACB596 /* Preview Assets.xcassets in Resources */,
				7B5F32B42AA85D1900ACB596 /* PlayfairDisplay-VariableFont_wght.ttf in Resources */,
				7B5F32A42AA844A700ACB596 /* Assets.xcassets in Resources */,
			);
			runOnlyForDeploymentPostprocessing = 0;
		};
/* End PBXResourcesBuildPhase section */

/* Begin PBXSourcesBuildPhase section */
		7B5F32982AA844A700ACB596 /* Sources */ = {
			isa = PBXSourcesBuildPhase;
			buildActionMask = 2147483647;
			files = (
				7B4ADA5C2AA98EFB0042E1DF /* SoupDetailView.swift in Sources */,
				7B9C46012AAC601100BB712D /* KebapDetailView.swift in Sources */,
				7B5F32A22AA844A700ACB596 /* ContentView.swift in Sources */,
				7B5F32BA2AA8A3AC00ACB596 /* SoupListView.swift in Sources */,
				7B5F32A02AA844A700ACB596 /* SofraSwfitUIApp.swift in Sources */,
				7BFE883A2AACACC300D22AAB /* User.swift in Sources */,
				7B9C45FD2AAC466300BB712D /* KebapDetailModel.swift in Sources */,
				7B9C45FF2AAC52F900BB712D /* KebapListView.swift in Sources */,
				7B5F32BD2AA8CE2B00ACB596 /* SoupDetailModel.swift in Sources */,
			);
			runOnlyForDeploymentPostprocessing = 0;
		};
/* End PBXSourcesBuildPhase section */

/* Begin XCBuildConfiguration section */
		7B5F32A82AA844A700ACB596 /* Debug */ = {
			isa = XCBuildConfiguration;
			buildSettings = {
				ALWAYS_SEARCH_USER_PATHS = NO;
				CLANG_ANALYZER_NONNULL = YES;
				CLANG_ANALYZER_NUMBER_OBJECT_CONVERSION = YES_AGGRESSIVE;
				CLANG_CXX_LANGUAGE_STANDARD = "gnu++20";
				CLANG_ENABLE_MODULES = YES;
				CLANG_ENABLE_OBJC_ARC = YES;
				CLANG_ENABLE_OBJC_WEAK = YES;
				CLANG_WARN_BLOCK_CAPTURE_AUTORELEASING = YES;
				CLANG_WARN_BOOL_CONVERSION = YES;
				CLANG_WARN_COMMA = YES;
				CLANG_WARN_CONSTANT_CONVERSION = YES;
				CLANG_WARN_DEPRECATED_OBJC_IMPLEMENTATIONS = YES;
				CLANG_WARN_DIRECT_OBJC_ISA_USAGE = YES_ERROR;
				CLANG_WARN_DOCUMENTATION_COMMENTS = YES;
				CLANG_WARN_EMPTY_BODY = YES;
				CLANG_WARN_ENUM_CONVERSION = YES;
				CLANG_WARN_INFINITE_RECURSION = YES;
				CLANG_WARN_INT_CONVERSION = YES;
				CLANG_WARN_NON_LITERAL_NULL_CONVERSION = YES;
				CLANG_WARN_OBJC_IMPLICIT_RETAIN_SELF = YES;
				CLANG_WARN_OBJC_LITERAL_CONVERSION = YES;
				CLANG_WARN_OBJC_ROOT_CLASS = YES_ERROR;
				CLANG_WARN_QUOTED_INCLUDE_IN_FRAMEWORK_HEADER = YES;
				CLANG_WARN_RANGE_LOOP_ANALYSIS = YES;
				CLANG_WARN_STRICT_PROTOTYPES = YES;
				CLANG_WARN_SUSPICIOUS_MOVE = YES;
				CLANG_WARN_UNGUARDED_AVAILABILITY = YES_AGGRESSIVE;
				CLANG_WARN_UNREACHABLE_CODE = YES;
				CLANG_WARN__DUPLICATE_METHOD_MATCH = YES;
				COPY_PHASE_STRIP = NO;
				DEBUG_INFORMATION_FORMAT = dwarf;
				ENABLE_STRICT_OBJC_MSGSEND = YES;
				ENABLE_TESTABILITY = YES;
				GCC_C_LANGUAGE_STANDARD = gnu11;
				GCC_DYNAMIC_NO_PIC = NO;
				GCC_NO_COMMON_BLOCKS = YES;
				GCC_OPTIMIZATION_LEVEL = 0;
				GCC_PREPROCESSOR_DEFINITIONS = (
					"DEBUG=1",
					"$(inherited)",
				);
				GCC_WARN_64_TO_32_BIT_CONVERSION = YES;
				GCC_WARN_ABOUT_RETURN_TYPE = YES_ERROR;
				GCC_WARN_UNDECLARED_SELECTOR = YES;
				GCC_WARN_UNINITIALIZED_AUTOS = YES_AGGRESSIVE;
				GCC_WARN_UNUSED_FUNCTION = YES;
				GCC_WARN_UNUSED_VARIABLE = YES;
				IPHONEOS_DEPLOYMENT_TARGET = 16.4;
				MTL_ENABLE_DEBUG_INFO = INCLUDE_SOURCE;
				MTL_FAST_MATH = YES;
				ONLY_ACTIVE_ARCH = YES;
				SDKROOT = iphoneos;
				SWIFT_ACTIVE_COMPILATION_CONDITIONS = DEBUG;
				SWIFT_OPTIMIZATION_LEVEL = "-Onone";
			};
			name = Debug;
		};
		7B5F32A92AA844A700ACB596 /* Release */ = {
			isa = XCBuildConfiguration;
			buildSettings = {
				ALWAYS_SEARCH_USER_PATHS = NO;
				CLANG_ANALYZER_NONNULL = YES;
				CLANG_ANALYZER_NUMBER_OBJECT_CONVERSION = YES_AGGRESSIVE;
				CLANG_CXX_LANGUAGE_STANDARD = "gnu++20";
				CLANG_ENABLE_MODULES = YES;
				CLANG_ENABLE_OBJC_ARC = YES;
				CLANG_ENABLE_OBJC_WEAK = YES;
				CLANG_WARN_BLOCK_CAPTURE_AUTORELEASING = YES;
				CLANG_WARN_BOOL_CONVERSION = YES;
				CLANG_WARN_COMMA = YES;
				CLANG_WARN_CONSTANT_CONVERSION = YES;
				CLANG_WARN_DEPRECATED_OBJC_IMPLEMENTATIONS = YES;
				CLANG_WARN_DIRECT_OBJC_ISA_USAGE = YES_ERROR;
				CLANG_WARN_DOCUMENTATION_COMMENTS = YES;
				CLANG_WARN_EMPTY_BODY = YES;
				CLANG_WARN_ENUM_CONVERSION = YES;
				CLANG_WARN_INFINITE_RECURSION = YES;
				CLANG_WARN_INT_CONVERSION = YES;
				CLANG_WARN_NON_LITERAL_NULL_CONVERSION = YES;
				CLANG_WARN_OBJC_IMPLICIT_RETAIN_SELF = YES;
				CLANG_WARN_OBJC_LITERAL_CONVERSION = YES;
				CLANG_WARN_OBJC_ROOT_CLASS = YES_ERROR;
				CLANG_WARN_QUOTED_INCLUDE_IN_FRAMEWORK_HEADER = YES;
				CLANG_WARN_RANGE_LOOP_ANALYSIS = YES;
				CLANG_WARN_STRICT_PROTOTYPES = YES;
				CLANG_WARN_SUSPICIOUS_MOVE = YES;
				CLANG_WARN_UNGUARDED_AVAILABILITY = YES_AGGRESSIVE;
				CLANG_WARN_UNREACHABLE_CODE = YES;
				CLANG_WARN__DUPLICATE_METHOD_MATCH = YES;
				COPY_PHASE_STRIP = NO;
				DEBUG_INFORMATION_FORMAT = "dwarf-with-dsym";
				ENABLE_NS_ASSERTIONS = NO;
				ENABLE_STRICT_OBJC_MSGSEND = YES;
				GCC_C_LANGUAGE_STANDARD = gnu11;
				GCC_NO_COMMON_BLOCKS = YES;
				GCC_WARN_64_TO_32_BIT_CONVERSION = YES;
				GCC_WARN_ABOUT_RETURN_TYPE = YES_ERROR;
				GCC_WARN_UNDECLARED_SELECTOR = YES;
				GCC_WARN_UNINITIALIZED_AUTOS = YES_AGGRESSIVE;
				GCC_WARN_UNUSED_FUNCTION = YES;
				GCC_WARN_UNUSED_VARIABLE = YES;
				IPHONEOS_DEPLOYMENT_TARGET = 16.4;
				MTL_ENABLE_DEBUG_INFO = NO;
				MTL_FAST_MATH = YES;
				SDKROOT = iphoneos;
				SWIFT_COMPILATION_MODE = wholemodule;
				SWIFT_OPTIMIZATION_LEVEL = "-O";
				VALIDATE_PRODUCT = YES;
			};
			name = Release;
		};
		7B5F32AB2AA844A700ACB596 /* Debug */ = {
			isa = XCBuildConfiguration;
			buildSettings = {
				ASSETCATALOG_COMPILER_APPICON_NAME = AppIcon;
				ASSETCATALOG_COMPILER_GLOBAL_ACCENT_COLOR_NAME = AccentColor;
				CODE_SIGN_STYLE = Automatic;
				CURRENT_PROJECT_VERSION = 1;
				DEVELOPMENT_ASSET_PATHS = "\"SofraSwfitUI/Preview Content\"";
				DEVELOPMENT_TEAM = 674H6QGU9X;
				ENABLE_PREVIEWS = YES;
				GENERATE_INFOPLIST_FILE = YES;
				INFOPLIST_KEY_UIApplicationSceneManifest_Generation = YES;
				INFOPLIST_KEY_UIApplicationSupportsIndirectInputEvents = YES;
				INFOPLIST_KEY_UILaunchScreen_Generation = YES;
				INFOPLIST_KEY_UISupportedInterfaceOrientations_iPad = "UIInterfaceOrientationPortrait UIInterfaceOrientationPortraitUpsideDown UIInterfaceOrientationLandscapeLeft UIInterfaceOrientationLandscapeRight";
				INFOPLIST_KEY_UISupportedInterfaceOrientations_iPhone = "UIInterfaceOrientationPortrait UIInterfaceOrientationLandscapeLeft UIInterfaceOrientationLandscapeRight";
				LD_RUNPATH_SEARCH_PATHS = (
					"$(inherited)",
					"@executable_path/Frameworks",
				);
				MARKETING_VERSION = 1.0;
				PRODUCT_BUNDLE_IDENTIFIER = com.erenolkun.SofraSwfitUI;
				PRODUCT_NAME = "$(TARGET_NAME)";
				SWIFT_EMIT_LOC_STRINGS = YES;
				SWIFT_VERSION = 5.0;
				TARGETED_DEVICE_FAMILY = "1,2";
			};
			name = Debug;
		};
		7B5F32AC2AA844A700ACB596 /* Release */ = {
			isa = XCBuildConfiguration;
			buildSettings = {
				ASSETCATALOG_COMPILER_APPICON_NAME = AppIcon;
				ASSETCATALOG_COMPILER_GLOBAL_ACCENT_COLOR_NAME = AccentColor;
				CODE_SIGN_STYLE = Automatic;
				CURRENT_PROJECT_VERSION = 1;
				DEVELOPMENT_ASSET_PATHS = "\"SofraSwfitUI/Preview Content\"";
				DEVELOPMENT_TEAM = 674H6QGU9X;
				ENABLE_PREVIEWS = YES;
				GENERATE_INFOPLIST_FILE = YES;
				INFOPLIST_KEY_UIApplicationSceneManifest_Generation = YES;
				INFOPLIST_KEY_UIApplicationSupportsIndirectInputEvents = YES;
				INFOPLIST_KEY_UILaunchScreen_Generation = YES;
				INFOPLIST_KEY_UISupportedInterfaceOrientations_iPad = "UIInterfaceOrientationPortrait UIInterfaceOrientationPortraitUpsideDown UIInterfaceOrientationLandscapeLeft UIInterfaceOrientationLandscapeRight";
				INFOPLIST_KEY_UISupportedInterfaceOrientations_iPhone = "UIInterfaceOrientationPortrait UIInterfaceOrientationLandscapeLeft UIInterfaceOrientationLandscapeRight";
				LD_RUNPATH_SEARCH_PATHS = (
					"$(inherited)",
					"@executable_path/Frameworks",
				);
				MARKETING_VERSION = 1.0;
				PRODUCT_BUNDLE_IDENTIFIER = com.erenolkun.SofraSwfitUI;
				PRODUCT_NAME = "$(TARGET_NAME)";
				SWIFT_EMIT_LOC_STRINGS = YES;
				SWIFT_VERSION = 5.0;
				TARGETED_DEVICE_FAMILY = "1,2";
			};
			name = Release;
		};
/* End XCBuildConfiguration section */

/* Begin XCConfigurationList section */
		7B5F32972AA844A600ACB596 /* Build configuration list for PBXProject "SofraSwfitUI" */ = {
			isa = XCConfigurationList;
			buildConfigurations = (
				7B5F32A82AA844A700ACB596 /* Debug */,
				7B5F32A92AA844A700ACB596 /* Release */,
			);
			defaultConfigurationIsVisible = 0;
			defaultConfigurationName = Release;
		};
		7B5F32AA2AA844A700ACB596 /* Build configuration list for PBXNativeTarget "SofraSwfitUI" */ = {
			isa = XCConfigurationList;
			buildConfigurations = (
				7B5F32AB2AA844A700ACB596 /* Debug */,
				7B5F32AC2AA844A700ACB596 /* Release */,
			);
			defaultConfigurationIsVisible = 0;
			defaultConfigurationName = Release;
		};
/* End XCConfigurationList section */
	};
	rootObject = 7B5F32942AA844A600ACB596 /* Project object */;
}
